// !$*UTF8*$!
{
	archiveVersion = 1;
	classes = {
	};
	objectVersion = 48;
	objects = {

/* Begin PBXBuildFile section */
		6712C8D920FD686E00ED6FF0 /* Board.swift in Sources */ = {isa = PBXBuildFile; fileRef = 6712C8D820FD686E00ED6FF0 /* Board.swift */; };
		67188AEE20C8A00600562179 /* ApiClient.swift in Sources */ = {isa = PBXBuildFile; fileRef = 67188AED20C8A00500562179 /* ApiClient.swift */; };
		67188AF020C8A19900562179 /* Config.swift in Sources */ = {isa = PBXBuildFile; fileRef = 67188AEF20C8A19900562179 /* Config.swift */; };
		67E472EA20BF6435009D063D /* AppDelegate.swift in Sources */ = {isa = PBXBuildFile; fileRef = 67E472E920BF6435009D063D /* AppDelegate.swift */; };
		67E472EC20BF6435009D063D /* ViewController.swift in Sources */ = {isa = PBXBuildFile; fileRef = 67E472EB20BF6435009D063D /* ViewController.swift */; };
		67E472EF20BF6435009D063D /* Main.storyboard in Resources */ = {isa = PBXBuildFile; fileRef = 67E472ED20BF6435009D063D /* Main.storyboard */; };
		67E472F120BF6435009D063D /* Assets.xcassets in Resources */ = {isa = PBXBuildFile; fileRef = 67E472F020BF6435009D063D /* Assets.xcassets */; };
		67E472F420BF6435009D063D /* LaunchScreen.storyboard in Resources */ = {isa = PBXBuildFile; fileRef = 67E472F220BF6435009D063D /* LaunchScreen.storyboard */; };
		67E472FF20BF6435009D063D /* overboardTests.swift in Sources */ = {isa = PBXBuildFile; fileRef = 67E472FE20BF6435009D063D /* overboardTests.swift */; };
		67E4730A20BF6435009D063D /* overboardUITests.swift in Sources */ = {isa = PBXBuildFile; fileRef = 67E4730920BF6435009D063D /* overboardUITests.swift */; };
		8B7425613B3846CA3813BF82 /* Pods_overboard.framework in Frameworks */ = {isa = PBXBuildFile; fileRef = 1C1164F04F6DCAA93AC23BA8 /* Pods_overboard.framework */; };
		A1008DFD9C70270B75388FEF /* Pods_overboardUITests.framework in Frameworks */ = {isa = PBXBuildFile; fileRef = CE5260671FD4AB7EED850B6D /* Pods_overboardUITests.framework */; };
		E4D2085CF6EF18E097DD9B34 /* Pods_overboardTests.framework in Frameworks */ = {isa = PBXBuildFile; fileRef = 8D34EEE48498AC434DA7E1FF /* Pods_overboardTests.framework */; };
/* End PBXBuildFile section */

/* Begin PBXContainerItemProxy section */
		67E472FB20BF6435009D063D /* PBXContainerItemProxy */ = {
			isa = PBXContainerItemProxy;
			containerPortal = 67E472DE20BF6435009D063D /* Project object */;
			proxyType = 1;
			remoteGlobalIDString = 67E472E520BF6435009D063D;
			remoteInfo = overboard;
		};
		67E4730620BF6435009D063D /* PBXContainerItemProxy */ = {
			isa = PBXContainerItemProxy;
			containerPortal = 67E472DE20BF6435009D063D /* Project object */;
			proxyType = 1;
			remoteGlobalIDString = 67E472E520BF6435009D063D;
			remoteInfo = overboard;
		};
/* End PBXContainerItemProxy section */

/* Begin PBXFileReference section */
		1C1164F04F6DCAA93AC23BA8 /* Pods_overboard.framework */ = {isa = PBXFileReference; explicitFileType = wrapper.framework; includeInIndex = 0; path = Pods_overboard.framework; sourceTree = BUILT_PRODUCTS_DIR; };
		2E519FEF7D39D40ACF66F3CF /* Pods-overboardTests.debug.xcconfig */ = {isa = PBXFileReference; includeInIndex = 1; lastKnownFileType = text.xcconfig; name = "Pods-overboardTests.debug.xcconfig"; path = "Pods/Target Support Files/Pods-overboardTests/Pods-overboardTests.debug.xcconfig"; sourceTree = "<group>"; };
		4472153EC31EF17BFACC94CE /* Pods-overboard.debug.xcconfig */ = {isa = PBXFileReference; includeInIndex = 1; lastKnownFileType = text.xcconfig; name = "Pods-overboard.debug.xcconfig"; path = "Pods/Target Support Files/Pods-overboard/Pods-overboard.debug.xcconfig"; sourceTree = "<group>"; };
		6712C8D820FD686E00ED6FF0 /* Board.swift */ = {isa = PBXFileReference; lastKnownFileType = sourcecode.swift; path = Board.swift; sourceTree = "<group>"; };
		67188AED20C8A00500562179 /* ApiClient.swift */ = {isa = PBXFileReference; lastKnownFileType = sourcecode.swift; path = ApiClient.swift; sourceTree = "<group>"; };
		67188AEF20C8A19900562179 /* Config.swift */ = {isa = PBXFileReference; lastKnownFileType = sourcecode.swift; path = Config.swift; sourceTree = "<group>"; };
		67E472E620BF6435009D063D /* overboard.app */ = {isa = PBXFileReference; explicitFileType = wrapper.application; includeInIndex = 0; path = overboard.app; sourceTree = BUILT_PRODUCTS_DIR; };
		67E472E920BF6435009D063D /* AppDelegate.swift */ = {isa = PBXFileReference; lastKnownFileType = sourcecode.swift; path = AppDelegate.swift; sourceTree = "<group>"; };
		67E472EB20BF6435009D063D /* ViewController.swift */ = {isa = PBXFileReference; lastKnownFileType = sourcecode.swift; path = ViewController.swift; sourceTree = "<group>"; };
		67E472EE20BF6435009D063D /* Base */ = {isa = PBXFileReference; lastKnownFileType = file.storyboard; name = Base; path = Base.lproj/Main.storyboard; sourceTree = "<group>"; };
		67E472F020BF6435009D063D /* Assets.xcassets */ = {isa = PBXFileReference; lastKnownFileType = folder.assetcatalog; path = Assets.xcassets; sourceTree = "<group>"; };
		67E472F320BF6435009D063D /* Base */ = {isa = PBXFileReference; lastKnownFileType = file.storyboard; name = Base; path = Base.lproj/LaunchScreen.storyboard; sourceTree = "<group>"; };
		67E472F520BF6435009D063D /* Info.plist */ = {isa = PBXFileReference; lastKnownFileType = text.plist.xml; path = Info.plist; sourceTree = "<group>"; };
		67E472FA20BF6435009D063D /* overboardTests.xctest */ = {isa = PBXFileReference; explicitFileType = wrapper.cfbundle; includeInIndex = 0; path = overboardTests.xctest; sourceTree = BUILT_PRODUCTS_DIR; };
		67E472FE20BF6435009D063D /* overboardTests.swift */ = {isa = PBXFileReference; lastKnownFileType = sourcecode.swift; path = overboardTests.swift; sourceTree = "<group>"; };
		67E4730020BF6435009D063D /* Info.plist */ = {isa = PBXFileReference; lastKnownFileType = text.plist.xml; path = Info.plist; sourceTree = "<group>"; };
		67E4730520BF6435009D063D /* overboardUITests.xctest */ = {isa = PBXFileReference; explicitFileType = wrapper.cfbundle; includeInIndex = 0; path = overboardUITests.xctest; sourceTree = BUILT_PRODUCTS_DIR; };
		67E4730920BF6435009D063D /* overboardUITests.swift */ = {isa = PBXFileReference; lastKnownFileType = sourcecode.swift; path = overboardUITests.swift; sourceTree = "<group>"; };
		67E4730B20BF6435009D063D /* Info.plist */ = {isa = PBXFileReference; lastKnownFileType = text.plist.xml; path = Info.plist; sourceTree = "<group>"; };
		80FB3C38F899A3D73F65FAC3 /* Pods-overboardUITests.debug.xcconfig */ = {isa = PBXFileReference; includeInIndex = 1; lastKnownFileType = text.xcconfig; name = "Pods-overboardUITests.debug.xcconfig"; path = "Pods/Target Support Files/Pods-overboardUITests/Pods-overboardUITests.debug.xcconfig"; sourceTree = "<group>"; };
		8D34EEE48498AC434DA7E1FF /* Pods_overboardTests.framework */ = {isa = PBXFileReference; explicitFileType = wrapper.framework; includeInIndex = 0; path = Pods_overboardTests.framework; sourceTree = BUILT_PRODUCTS_DIR; };
		ABC1C60730B8B6D3D082C191 /* Pods-overboardTests.release.xcconfig */ = {isa = PBXFileReference; includeInIndex = 1; lastKnownFileType = text.xcconfig; name = "Pods-overboardTests.release.xcconfig"; path = "Pods/Target Support Files/Pods-overboardTests/Pods-overboardTests.release.xcconfig"; sourceTree = "<group>"; };
		AF6EF40E390D3002CEC08E39 /* Pods-overboard.release.xcconfig */ = {isa = PBXFileReference; includeInIndex = 1; lastKnownFileType = text.xcconfig; name = "Pods-overboard.release.xcconfig"; path = "Pods/Target Support Files/Pods-overboard/Pods-overboard.release.xcconfig"; sourceTree = "<group>"; };
		B0082E5A83D72C9AD8B6869D /* Pods-overboardUITests.release.xcconfig */ = {isa = PBXFileReference; includeInIndex = 1; lastKnownFileType = text.xcconfig; name = "Pods-overboardUITests.release.xcconfig"; path = "Pods/Target Support Files/Pods-overboardUITests/Pods-overboardUITests.release.xcconfig"; sourceTree = "<group>"; };
		CE5260671FD4AB7EED850B6D /* Pods_overboardUITests.framework */ = {isa = PBXFileReference; explicitFileType = wrapper.framework; includeInIndex = 0; path = Pods_overboardUITests.framework; sourceTree = BUILT_PRODUCTS_DIR; };
/* End PBXFileReference section */

/* Begin PBXFrameworksBuildPhase section */
		67E472E320BF6435009D063D /* Frameworks */ = {
			isa = PBXFrameworksBuildPhase;
			buildActionMask = 2147483647;
			files = (
				8B7425613B3846CA3813BF82 /* Pods_overboard.framework in Frameworks */,
			);
			runOnlyForDeploymentPostprocessing = 0;
		};
		67E472F720BF6435009D063D /* Frameworks */ = {
			isa = PBXFrameworksBuildPhase;
			buildActionMask = 2147483647;
			files = (
				E4D2085CF6EF18E097DD9B34 /* Pods_overboardTests.framework in Frameworks */,
			);
			runOnlyForDeploymentPostprocessing = 0;
		};
		67E4730220BF6435009D063D /* Frameworks */ = {
			isa = PBXFrameworksBuildPhase;
			buildActionMask = 2147483647;
			files = (
				A1008DFD9C70270B75388FEF /* Pods_overboardUITests.framework in Frameworks */,
			);
			runOnlyForDeploymentPostprocessing = 0;
		};
/* End PBXFrameworksBuildPhase section */

/* Begin PBXGroup section */
		3C741A0A9DC85D47EBB44CC9 /* Pods */ = {
			isa = PBXGroup;
			children = (
				4472153EC31EF17BFACC94CE /* Pods-overboard.debug.xcconfig */,
				AF6EF40E390D3002CEC08E39 /* Pods-overboard.release.xcconfig */,
				2E519FEF7D39D40ACF66F3CF /* Pods-overboardTests.debug.xcconfig */,
				ABC1C60730B8B6D3D082C191 /* Pods-overboardTests.release.xcconfig */,
				80FB3C38F899A3D73F65FAC3 /* Pods-overboardUITests.debug.xcconfig */,
				B0082E5A83D72C9AD8B6869D /* Pods-overboardUITests.release.xcconfig */,
			);
			name = Pods;
			sourceTree = "<group>";
		};
		6712C8DB20FD6A1E00ED6FF0 /* model */ = {
			isa = PBXGroup;
			children = (
				6712C8D820FD686E00ED6FF0 /* Board.swift */,
			);
			path = model;
			sourceTree = "<group>";
		};
		6712C8DC20FD6A4800ED6FF0 /* api */ = {
			isa = PBXGroup;
			children = (
				67188AEF20C8A19900562179 /* Config.swift */,
				67188AED20C8A00500562179 /* ApiClient.swift */,
			);
			path = api;
			sourceTree = "<group>";
		};
		6712C8DD20FD6A5000ED6FF0 /* controller */ = {
			isa = PBXGroup;
			children = (
				67E472EB20BF6435009D063D /* ViewController.swift */,
			);
			path = controller;
			sourceTree = "<group>";
		};
		67E472DD20BF6435009D063D = {
			isa = PBXGroup;
			children = (
				67E472E820BF6435009D063D /* overboard */,
				67E472FD20BF6435009D063D /* overboardTests */,
				67E4730820BF6435009D063D /* overboardUITests */,
				67E472E720BF6435009D063D /* Products */,
				3C741A0A9DC85D47EBB44CC9 /* Pods */,
				AC712D769B2EFCAB51E67B67 /* Frameworks */,
			);
			sourceTree = "<group>";
		};
		67E472E720BF6435009D063D /* Products */ = {
			isa = PBXGroup;
			children = (
				67E472E620BF6435009D063D /* overboard.app */,
				67E472FA20BF6435009D063D /* overboardTests.xctest */,
				67E4730520BF6435009D063D /* overboardUITests.xctest */,
			);
			name = Products;
			sourceTree = "<group>";
		};
		67E472E820BF6435009D063D /* overboard */ = {
			isa = PBXGroup;
			children = (
				67E472E920BF6435009D063D /* AppDelegate.swift */,
				6712C8DD20FD6A5000ED6FF0 /* controller */,
				6712C8DB20FD6A1E00ED6FF0 /* model */,
				6712C8DC20FD6A4800ED6FF0 /* api */,
				67E472ED20BF6435009D063D /* Main.storyboard */,
				67E472F020BF6435009D063D /* Assets.xcassets */,
				67E472F220BF6435009D063D /* LaunchScreen.storyboard */,
				67E472F520BF6435009D063D /* Info.plist */,
			);
			path = overboard;
			sourceTree = "<group>";
		};
		67E472FD20BF6435009D063D /* overboardTests */ = {
			isa = PBXGroup;
			children = (
				67E472FE20BF6435009D063D /* overboardTests.swift */,
				67E4730020BF6435009D063D /* Info.plist */,
			);
			path = overboardTests;
			sourceTree = "<group>";
		};
		67E4730820BF6435009D063D /* overboardUITests */ = {
			isa = PBXGroup;
			children = (
				67E4730920BF6435009D063D /* overboardUITests.swift */,
				67E4730B20BF6435009D063D /* Info.plist */,
			);
			path = overboardUITests;
			sourceTree = "<group>";
		};
		AC712D769B2EFCAB51E67B67 /* Frameworks */ = {
			isa = PBXGroup;
			children = (
				1C1164F04F6DCAA93AC23BA8 /* Pods_overboard.framework */,
				8D34EEE48498AC434DA7E1FF /* Pods_overboardTests.framework */,
				CE5260671FD4AB7EED850B6D /* Pods_overboardUITests.framework */,
			);
			name = Frameworks;
			sourceTree = "<group>";
		};
/* End PBXGroup section */

/* Begin PBXNativeTarget section */
		67E472E520BF6435009D063D /* overboard */ = {
			isa = PBXNativeTarget;
			buildConfigurationList = 67E4730E20BF6435009D063D /* Build configuration list for PBXNativeTarget "overboard" */;
			buildPhases = (
				F15D54611D5890773ADAB48C /* [CP] Check Pods Manifest.lock */,
				67E472E220BF6435009D063D /* Sources */,
				67E472E320BF6435009D063D /* Frameworks */,
				67E472E420BF6435009D063D /* Resources */,
				9D21A33B70F4A65939FA495D /* [CP] Embed Pods Frameworks */,
				67E4731A20BF68BF009D063D /* ShellScript */,
				6712C8DA20FD690C00ED6FF0 /* ShellScript */,
			);
			buildRules = (
			);
			dependencies = (
			);
			name = overboard;
			productName = overboard;
			productReference = 67E472E620BF6435009D063D /* overboard.app */;
			productType = "com.apple.product-type.application";
		};
		67E472F920BF6435009D063D /* overboardTests */ = {
			isa = PBXNativeTarget;
			buildConfigurationList = 67E4731120BF6435009D063D /* Build configuration list for PBXNativeTarget "overboardTests" */;
			buildPhases = (
				733801FEDE6840431D8F9CD3 /* [CP] Check Pods Manifest.lock */,
				67E472F620BF6435009D063D /* Sources */,
				67E472F720BF6435009D063D /* Frameworks */,
				67E472F820BF6435009D063D /* Resources */,
			);
			buildRules = (
			);
			dependencies = (
				67E472FC20BF6435009D063D /* PBXTargetDependency */,
			);
			name = overboardTests;
			productName = overboardTests;
			productReference = 67E472FA20BF6435009D063D /* overboardTests.xctest */;
			productType = "com.apple.product-type.bundle.unit-test";
		};
		67E4730420BF6435009D063D /* overboardUITests */ = {
			isa = PBXNativeTarget;
			buildConfigurationList = 67E4731420BF6435009D063D /* Build configuration list for PBXNativeTarget "overboardUITests" */;
			buildPhases = (
				46B48D61AB86A4F5914C3207 /* [CP] Check Pods Manifest.lock */,
				67E4730120BF6435009D063D /* Sources */,
				67E4730220BF6435009D063D /* Frameworks */,
				67E4730320BF6435009D063D /* Resources */,
			);
			buildRules = (
			);
			dependencies = (
				67E4730720BF6435009D063D /* PBXTargetDependency */,
			);
			name = overboardUITests;
			productName = overboardUITests;
			productReference = 67E4730520BF6435009D063D /* overboardUITests.xctest */;
			productType = "com.apple.product-type.bundle.ui-testing";
		};
/* End PBXNativeTarget section */

/* Begin PBXProject section */
		67E472DE20BF6435009D063D /* Project object */ = {
			isa = PBXProject;
			attributes = {
				LastSwiftUpdateCheck = 0920;
				LastUpgradeCheck = 0920;
				ORGANIZATIONNAME = ping;
				TargetAttributes = {
					67E472E520BF6435009D063D = {
						CreatedOnToolsVersion = 9.2;
						ProvisioningStyle = Automatic;
					};
					67E472F920BF6435009D063D = {
						CreatedOnToolsVersion = 9.2;
						ProvisioningStyle = Automatic;
						TestTargetID = 67E472E520BF6435009D063D;
					};
					67E4730420BF6435009D063D = {
						CreatedOnToolsVersion = 9.2;
						ProvisioningStyle = Automatic;
						TestTargetID = 67E472E520BF6435009D063D;
					};
				};
			};
			buildConfigurationList = 67E472E120BF6435009D063D /* Build configuration list for PBXProject "overboard" */;
			compatibilityVersion = "Xcode 8.0";
			developmentRegion = en;
			hasScannedForEncodings = 0;
			knownRegions = (
				en,
				Base,
			);
			mainGroup = 67E472DD20BF6435009D063D;
			productRefGroup = 67E472E720BF6435009D063D /* Products */;
			projectDirPath = "";
			projectRoot = "";
			targets = (
				67E472E520BF6435009D063D /* overboard */,
				67E472F920BF6435009D063D /* overboardTests */,
				67E4730420BF6435009D063D /* overboardUITests */,
			);
		};
/* End PBXProject section */

/* Begin PBXResourcesBuildPhase section */
		67E472E420BF6435009D063D /* Resources */ = {
			isa = PBXResourcesBuildPhase;
			buildActionMask = 2147483647;
			files = (
				67E472F420BF6435009D063D /* LaunchScreen.storyboard in Resources */,
				67E472F120BF6435009D063D /* Assets.xcassets in Resources */,
				67E472EF20BF6435009D063D /* Main.storyboard in Resources */,
			);
			runOnlyForDeploymentPostprocessing = 0;
		};
		67E472F820BF6435009D063D /* Resources */ = {
			isa = PBXResourcesBuildPhase;
			buildActionMask = 2147483647;
			files = (
			);
			runOnlyForDeploymentPostprocessing = 0;
		};
		67E4730320BF6435009D063D /* Resources */ = {
			isa = PBXResourcesBuildPhase;
			buildActionMask = 2147483647;
			files = (
			);
			runOnlyForDeploymentPostprocessing = 0;
		};
/* End PBXResourcesBuildPhase section */

/* Begin PBXShellScriptBuildPhase section */
		46B48D61AB86A4F5914C3207 /* [CP] Check Pods Manifest.lock */ = {
			isa = PBXShellScriptBuildPhase;
			buildActionMask = 2147483647;
			files = (
			);
			inputPaths = (
				"${PODS_PODFILE_DIR_PATH}/Podfile.lock",
				"${PODS_ROOT}/Manifest.lock",
			);
			name = "[CP] Check Pods Manifest.lock";
			outputPaths = (
				"$(DERIVED_FILE_DIR)/Pods-overboardUITests-checkManifestLockResult.txt",
			);
			runOnlyForDeploymentPostprocessing = 0;
			shellPath = /bin/sh;
			shellScript = "diff \"${PODS_PODFILE_DIR_PATH}/Podfile.lock\" \"${PODS_ROOT}/Manifest.lock\" > /dev/null\nif [ $? != 0 ] ; then\n    # print error to STDERR\n    echo \"error: The sandbox is not in sync with the Podfile.lock. Run 'pod install' or update your CocoaPods installation.\" >&2\n    exit 1\nfi\n# This output is used by Xcode 'outputs' to avoid re-running this script phase.\necho \"SUCCESS\" > \"${SCRIPT_OUTPUT_FILE_0}\"\n";
			showEnvVarsInLog = 0;
		};
		6712C8DA20FD690C00ED6FF0 /* ShellScript */ = {
			isa = PBXShellScriptBuildPhase;
			buildActionMask = 2147483647;
			files = (
			);
			inputPaths = (
			);
			outputPaths = (
			);
			runOnlyForDeploymentPostprocessing = 0;
			shellPath = /bin/sh;
			shellScript = "TAGS=\"TODO:|FIXME:\"\nSKIPDIRS=\"/Pods\"\nfind \"${SRCROOT}/\" -type f \\( -name \"*.swift\" \\) -print0 \\\n| xargs -0 egrep --with-filename --line-number --only-matching \"($TAGS).*\\$\" \\\n| grep -v \"$SKIPDIRS\" \\\n| perl -p -e \"s/($TAGS)/ warning: \\$1/\"";
		};
		67E4731A20BF68BF009D063D /* ShellScript */ = {
			isa = PBXShellScriptBuildPhase;
			buildActionMask = 2147483647;
			files = (
			);
			inputPaths = (
			);
			outputPaths = (
			);
			runOnlyForDeploymentPostprocessing = 0;
			shellPath = /bin/sh;
			shellScript = "\"${PODS_ROOT}/SwiftLint/swiftlint\"";
		};
		733801FEDE6840431D8F9CD3 /* [CP] Check Pods Manifest.lock */ = {
			isa = PBXShellScriptBuildPhase;
			buildActionMask = 2147483647;
			files = (
			);
			inputPaths = (
				"${PODS_PODFILE_DIR_PATH}/Podfile.lock",
				"${PODS_ROOT}/Manifest.lock",
			);
			name = "[CP] Check Pods Manifest.lock";
			outputPaths = (
				"$(DERIVED_FILE_DIR)/Pods-overboardTests-checkManifestLockResult.txt",
			);
			runOnlyForDeploymentPostprocessing = 0;
			shellPath = /bin/sh;
			shellScript = "diff \"${PODS_PODFILE_DIR_PATH}/Podfile.lock\" \"${PODS_ROOT}/Manifest.lock\" > /dev/null\nif [ $? != 0 ] ; then\n    # print error to STDERR\n    echo \"error: The sandbox is not in sync with the Podfile.lock. Run 'pod install' or update your CocoaPods installation.\" >&2\n    exit 1\nfi\n# This output is used by Xcode 'outputs' to avoid re-running this script phase.\necho \"SUCCESS\" > \"${SCRIPT_OUTPUT_FILE_0}\"\n";
			showEnvVarsInLog = 0;
		};
		9D21A33B70F4A65939FA495D /* [CP] Embed Pods Frameworks */ = {
			isa = PBXShellScriptBuildPhase;
			buildActionMask = 2147483647;
			files = (
			);
			inputPaths = (
				"${SRCROOT}/Pods/Target Support Files/Pods-overboard/Pods-overboard-frameworks.sh",
				"${BUILT_PRODUCTS_DIR}/Alamofire/Alamofire.framework",
				"${BUILT_PRODUCTS_DIR}/Realm/Realm.framework",
				"${BUILT_PRODUCTS_DIR}/RealmSwift/RealmSwift.framework",
			);
			name = "[CP] Embed Pods Frameworks";
			outputPaths = (
				"${TARGET_BUILD_DIR}/${FRAMEWORKS_FOLDER_PATH}/Alamofire.framework",
				"${TARGET_BUILD_DIR}/${FRAMEWORKS_FOLDER_PATH}/Realm.framework",
				"${TARGET_BUILD_DIR}/${FRAMEWORKS_FOLDER_PATH}/RealmSwift.framework",
			);
			runOnlyForDeploymentPostprocessing = 0;
			shellPath = /bin/sh;
			shellScript = "\"${SRCROOT}/Pods/Target Support Files/Pods-overboard/Pods-overboard-frameworks.sh\"\n";
			showEnvVarsInLog = 0;
		};
		F15D54611D5890773ADAB48C /* [CP] Check Pods Manifest.lock */ = {
			isa = PBXShellScriptBuildPhase;
			buildActionMask = 2147483647;
			files = (
			);
			inputPaths = (
				"${PODS_PODFILE_DIR_PATH}/Podfile.lock",
				"${PODS_ROOT}/Manifest.lock",
			);
			name = "[CP] Check Pods Manifest.lock";
			outputPaths = (
				"$(DERIVED_FILE_DIR)/Pods-overboard-checkManifestLockResult.txt",
			);
			runOnlyForDeploymentPostprocessing = 0;
			shellPath = /bin/sh;
			shellScript = "diff \"${PODS_PODFILE_DIR_PATH}/Podfile.lock\" \"${PODS_ROOT}/Manifest.lock\" > /dev/null\nif [ $? != 0 ] ; then\n    # print error to STDERR\n    echo \"error: The sandbox is not in sync with the Podfile.lock. Run 'pod install' or update your CocoaPods installation.\" >&2\n    exit 1\nfi\n# This output is used by Xcode 'outputs' to avoid re-running this script phase.\necho \"SUCCESS\" > \"${SCRIPT_OUTPUT_FILE_0}\"\n";
			showEnvVarsInLog = 0;
		};
/* End PBXShellScriptBuildPhase section */

/* Begin PBXSourcesBuildPhase section */
		67E472E220BF6435009D063D /* Sources */ = {
			isa = PBXSourcesBuildPhase;
			buildActionMask = 2147483647;
			files = (
				67E472EC20BF6435009D063D /* ViewController.swift in Sources */,
				67188AF020C8A19900562179 /* Config.swift in Sources */,
				6712C8D920FD686E00ED6FF0 /* Board.swift in Sources */,
				67E472EA20BF6435009D063D /* AppDelegate.swift in Sources */,
				67188AEE20C8A00600562179 /* ApiClient.swift in Sources */,
			);
			runOnlyForDeploymentPostprocessing = 0;
		};
		67E472F620BF6435009D063D /* Sources */ = {
			isa = PBXSourcesBuildPhase;
			buildActionMask = 2147483647;
			files = (
				67E472FF20BF6435009D063D /* overboardTests.swift in Sources */,
			);
			runOnlyForDeploymentPostprocessing = 0;
		};
		67E4730120BF6435009D063D /* Sources */ = {
			isa = PBXSourcesBuildPhase;
			buildActionMask = 2147483647;
			files = (
				67E4730A20BF6435009D063D /* overboardUITests.swift in Sources */,
			);
			runOnlyForDeploymentPostprocessing = 0;
		};
/* End PBXSourcesBuildPhase section */

/* Begin PBXTargetDependency section */
		67E472FC20BF6435009D063D /* PBXTargetDependency */ = {
			isa = PBXTargetDependency;
			target = 67E472E520BF6435009D063D /* overboard */;
			targetProxy = 67E472FB20BF6435009D063D /* PBXContainerItemProxy */;
		};
		67E4730720BF6435009D063D /* PBXTargetDependency */ = {
			isa = PBXTargetDependency;
			target = 67E472E520BF6435009D063D /* overboard */;
			targetProxy = 67E4730620BF6435009D063D /* PBXContainerItemProxy */;
		};
/* End PBXTargetDependency section */

/* Begin PBXVariantGroup section */
		67E472ED20BF6435009D063D /* Main.storyboard */ = {
			isa = PBXVariantGroup;
			children = (
				67E472EE20BF6435009D063D /* Base */,
			);
			name = Main.storyboard;
			sourceTree = "<group>";
		};
		67E472F220BF6435009D063D /* LaunchScreen.storyboard */ = {
			isa = PBXVariantGroup;
			children = (
				67E472F320BF6435009D063D /* Base */,
			);
			name = LaunchScreen.storyboard;
			sourceTree = "<group>";
		};
/* End PBXVariantGroup section */

/* Begin XCBuildConfiguration section */
		67E4730C20BF6435009D063D /* Debug */ = {
			isa = XCBuildConfiguration;
			buildSettings = {
				ALWAYS_SEARCH_USER_PATHS = NO;
				CLANG_ANALYZER_NONNULL = YES;
				CLANG_ANALYZER_NUMBER_OBJECT_CONVERSION = YES_AGGRESSIVE;
				CLANG_CXX_LANGUAGE_STANDARD = "gnu++14";
				CLANG_CXX_LIBRARY = "libc++";
				CLANG_ENABLE_MODULES = YES;
				CLANG_ENABLE_OBJC_ARC = YES;
				CLANG_WARN_BLOCK_CAPTURE_AUTORELEASING = YES;
				CLANG_WARN_BOOL_CONVERSION = YES;
				CLANG_WARN_COMMA = YES;
				CLANG_WARN_CONSTANT_CONVERSION = YES;
				CLANG_WARN_DIRECT_OBJC_ISA_USAGE = YES_ERROR;
				CLANG_WARN_DOCUMENTATION_COMMENTS = YES;
				CLANG_WARN_EMPTY_BODY = YES;
				CLANG_WARN_ENUM_CONVERSION = YES;
				CLANG_WARN_INFINITE_RECURSION = YES;
				CLANG_WARN_INT_CONVERSION = YES;
				CLANG_WARN_NON_LITERAL_NULL_CONVERSION = YES;
				CLANG_WARN_OBJC_LITERAL_CONVERSION = YES;
				CLANG_WARN_OBJC_ROOT_CLASS = YES_ERROR;
				CLANG_WARN_RANGE_LOOP_ANALYSIS = YES;
				CLANG_WARN_STRICT_PROTOTYPES = YES;
				CLANG_WARN_SUSPICIOUS_MOVE = YES;
				CLANG_WARN_UNGUARDED_AVAILABILITY = YES_AGGRESSIVE;
				CLANG_WARN_UNREACHABLE_CODE = YES;
				CLANG_WARN__DUPLICATE_METHOD_MATCH = YES;
				CODE_SIGN_IDENTITY = "iPhone Developer";
				COPY_PHASE_STRIP = NO;
				DEBUG_INFORMATION_FORMAT = dwarf;
				ENABLE_STRICT_OBJC_MSGSEND = YES;
				ENABLE_TESTABILITY = YES;
				GCC_C_LANGUAGE_STANDARD = gnu11;
				GCC_DYNAMIC_NO_PIC = NO;
				GCC_NO_COMMON_BLOCKS = YES;
				GCC_OPTIMIZATION_LEVEL = 0;
				GCC_PREPROCESSOR_DEFINITIONS = (
					"DEBUG=1",
					"$(inherited)",
				);
				GCC_WARN_64_TO_32_BIT_CONVERSION = YES;
				GCC_WARN_ABOUT_RETURN_TYPE = YES_ERROR;
				GCC_WARN_UNDECLARED_SELECTOR = YES;
				GCC_WARN_UNINITIALIZED_AUTOS = YES_AGGRESSIVE;
				GCC_WARN_UNUSED_FUNCTION = YES;
				GCC_WARN_UNUSED_VARIABLE = YES;
				IPHONEOS_DEPLOYMENT_TARGET = 11.2;
				MTL_ENABLE_DEBUG_INFO = YES;
				ONLY_ACTIVE_ARCH = YES;
				SDKROOT = iphoneos;
				SWIFT_ACTIVE_COMPILATION_CONDITIONS = DEBUG;
				SWIFT_OPTIMIZATION_LEVEL = "-Onone";
			};
			name = Debug;
		};
		67E4730D20BF6435009D063D /* Release */ = {
			isa = XCBuildConfiguration;
			buildSettings = {
				ALWAYS_SEARCH_USER_PATHS = NO;
				CLANG_ANALYZER_NONNULL = YES;
				CLANG_ANALYZER_NUMBER_OBJECT_CONVERSION = YES_AGGRESSIVE;
				CLANG_CXX_LANGUAGE_STANDARD = "gnu++14";
				CLANG_CXX_LIBRARY = "libc++";
				CLANG_ENABLE_MODULES = YES;
				CLANG_ENABLE_OBJC_ARC = YES;
				CLANG_WARN_BLOCK_CAPTURE_AUTORELEASING = YES;
				CLANG_WARN_BOOL_CONVERSION = YES;
				CLANG_WARN_COMMA = YES;
				CLANG_WARN_CONSTANT_CONVERSION = YES;
				CLANG_WARN_DIRECT_OBJC_ISA_USAGE = YES_ERROR;
				CLANG_WARN_DOCUMENTATION_COMMENTS = YES;
				CLANG_WARN_EMPTY_BODY = YES;
				CLANG_WARN_ENUM_CONVERSION = YES;
				CLANG_WARN_INFINITE_RECURSION = YES;
				CLANG_WARN_INT_CONVERSION = YES;
				CLANG_WARN_NON_LITERAL_NULL_CONVERSION = YES;
				CLANG_WARN_OBJC_LITERAL_CONVERSION = YES;
				CLANG_WARN_OBJC_ROOT_CLASS = YES_ERROR;
				CLANG_WARN_RANGE_LOOP_ANALYSIS = YES;
				CLANG_WARN_STRICT_PROTOTYPES = YES;
				CLANG_WARN_SUSPICIOUS_MOVE = YES;
				CLANG_WARN_UNGUARDED_AVAILABILITY = YES_AGGRESSIVE;
				CLANG_WARN_UNREACHABLE_CODE = YES;
				CLANG_WARN__DUPLICATE_METHOD_MATCH = YES;
				CODE_SIGN_IDENTITY = "iPhone Developer";
				COPY_PHASE_STRIP = NO;
				DEBUG_INFORMATION_FORMAT = "dwarf-with-dsym";
				ENABLE_NS_ASSERTIONS = NO;
				ENABLE_STRICT_OBJC_MSGSEND = YES;
				GCC_C_LANGUAGE_STANDARD = gnu11;
				GCC_NO_COMMON_BLOCKS = YES;
				GCC_WARN_64_TO_32_BIT_CONVERSION = YES;
				GCC_WARN_ABOUT_RETURN_TYPE = YES_ERROR;
				GCC_WARN_UNDECLARED_SELECTOR = YES;
				GCC_WARN_UNINITIALIZED_AUTOS = YES_AGGRESSIVE;
				GCC_WARN_UNUSED_FUNCTION = YES;
				GCC_WARN_UNUSED_VARIABLE = YES;
				IPHONEOS_DEPLOYMENT_TARGET = 11.2;
				MTL_ENABLE_DEBUG_INFO = NO;
				SDKROOT = iphoneos;
				SWIFT_OPTIMIZATION_LEVEL = "-Owholemodule";
				VALIDATE_PRODUCT = YES;
			};
			name = Release;
		};
		67E4730F20BF6435009D063D /* Debug */ = {
			isa = XCBuildConfiguration;
			baseConfigurationReference = 4472153EC31EF17BFACC94CE /* Pods-overboard.debug.xcconfig */;
			buildSettings = {
				ASSETCATALOG_COMPILER_APPICON_NAME = AppIcon;
				CODE_SIGN_STYLE = Automatic;
				INFOPLIST_FILE = overboard/Info.plist;
				LD_RUNPATH_SEARCH_PATHS = "$(inherited) @executable_path/Frameworks";
				PRODUCT_BUNDLE_IDENTIFIER = ping.overboard;
				PRODUCT_NAME = "$(TARGET_NAME)";
				SWIFT_VERSION = 4.0;
				TARGETED_DEVICE_FAMILY = "1,2";
			};
			name = Debug;
		};
		67E4731020BF6435009D063D /* Release */ = {
			isa = XCBuildConfiguration;
			baseConfigurationReference = AF6EF40E390D3002CEC08E39 /* Pods-overboard.release.xcconfig */;
			buildSettings = {
				ASSETCATALOG_COMPILER_APPICON_NAME = AppIcon;
				CODE_SIGN_STYLE = Automatic;
				INFOPLIST_FILE = overboard/Info.plist;
				LD_RUNPATH_SEARCH_PATHS = "$(inherited) @executable_path/Frameworks";
				PRODUCT_BUNDLE_IDENTIFIER = ping.overboard;
				PRODUCT_NAME = "$(TARGET_NAME)";
				SWIFT_VERSION = 4.0;
				TARGETED_DEVICE_FAMILY = "1,2";
			};
			name = Release;
		};
		67E4731220BF6435009D063D /* Debug */ = {
			isa = XCBuildConfiguration;
			baseConfigurationReference = 2E519FEF7D39D40ACF66F3CF /* Pods-overboardTests.debug.xcconfig */;
			buildSettings = {
				ALWAYS_EMBED_SWIFT_STANDARD_LIBRARIES = YES;
				BUNDLE_LOADER = "$(TEST_HOST)";
				CODE_SIGN_STYLE = Automatic;
				INFOPLIST_FILE = overboardTests/Info.plist;
				LD_RUNPATH_SEARCH_PATHS = "$(inherited) @executable_path/Frameworks @loader_path/Frameworks";
				PRODUCT_BUNDLE_IDENTIFIER = ping.overboardTests;
				PRODUCT_NAME = "$(TARGET_NAME)";
				SWIFT_VERSION = 4.0;
				TARGETED_DEVICE_FAMILY = "1,2";
				TEST_HOST = "$(BUILT_PRODUCTS_DIR)/overboard.app/overboard";
			};
			name = Debug;
		};
		67E4731320BF6435009D063D /* Release */ = {
			isa = XCBuildConfiguration;
			baseConfigurationReference = ABC1C60730B8B6D3D082C191 /* Pods-overboardTests.release.xcconfig */;
			buildSettings = {
				ALWAYS_EMBED_SWIFT_STANDARD_LIBRARIES = YES;
				BUNDLE_LOADER = "$(TEST_HOST)";
				CODE_SIGN_STYLE = Automatic;
				INFOPLIST_FILE = overboardTests/Info.plist;
				LD_RUNPATH_SEARCH_PATHS = "$(inherited) @executable_path/Frameworks @loader_path/Frameworks";
				PRODUCT_BUNDLE_IDENTIFIER = ping.overboardTests;
				PRODUCT_NAME = "$(TARGET_NAME)";
				SWIFT_VERSION = 4.0;
				TARGETED_DEVICE_FAMILY = "1,2";
				TEST_HOST = "$(BUILT_PRODUCTS_DIR)/overboard.app/overboard";
			};
			name = Release;
		};
		67E4731520BF6435009D063D /* Debug */ = {
			isa = XCBuildConfiguration;
			baseConfigurationReference = 80FB3C38F899A3D73F65FAC3 /* Pods-overboardUITests.debug.xcconfig */;
			buildSettings = {
				ALWAYS_EMBED_SWIFT_STANDARD_LIBRARIES = YES;
				CODE_SIGN_STYLE = Automatic;
				INFOPLIST_FILE = overboardUITests/Info.plist;
				LD_RUNPATH_SEARCH_PATHS = "$(inherited) @executable_path/Frameworks @loader_path/Frameworks";
				PRODUCT_BUNDLE_IDENTIFIER = ping.overboardUITests;
				PRODUCT_NAME = "$(TARGET_NAME)";
				SWIFT_VERSION = 4.0;
				TARGETED_DEVICE_FAMILY = "1,2";
				TEST_TARGET_NAME = overboard;
			};
			name = Debug;
		};
		67E4731620BF6435009D063D /* Release */ = {
			isa = XCBuildConfiguration;
			baseConfigurationReference = B0082E5A83D72C9AD8B6869D /* Pods-overboardUITests.release.xcconfig */;
			buildSettings = {
				ALWAYS_EMBED_SWIFT_STANDARD_LIBRARIES = YES;
				CODE_SIGN_STYLE = Automatic;
				INFOPLIST_FILE = overboardUITests/Info.plist;
				LD_RUNPATH_SEARCH_PATHS = "$(inherited) @executable_path/Frameworks @loader_path/Frameworks";
				PRODUCT_BUNDLE_IDENTIFIER = ping.overboardUITests;
				PRODUCT_NAME = "$(TARGET_NAME)";
				SWIFT_VERSION = 4.0;
				TARGETED_DEVICE_FAMILY = "1,2";
				TEST_TARGET_NAME = overboard;
			};
			name = Release;
		};
/* End XCBuildConfiguration section */

/* Begin XCConfigurationList section */
		67E472E120BF6435009D063D /* Build configuration list for PBXProject "overboard" */ = {
			isa = XCConfigurationList;
			buildConfigurations = (
				67E4730C20BF6435009D063D /* Debug */,
				67E4730D20BF6435009D063D /* Release */,
			);
			defaultConfigurationIsVisible = 0;
			defaultConfigurationName = Release;
		};
		67E4730E20BF6435009D063D /* Build configuration list for PBXNativeTarget "overboard" */ = {
			isa = XCConfigurationList;
			buildConfigurations = (
				67E4730F20BF6435009D063D /* Debug */,
				67E4731020BF6435009D063D /* Release */,
			);
			defaultConfigurationIsVisible = 0;
			defaultConfigurationName = Release;
		};
		67E4731120BF6435009D063D /* Build configuration list for PBXNativeTarget "overboardTests" */ = {
			isa = XCConfigurationList;
			buildConfigurations = (
				67E4731220BF6435009D063D /* Debug */,
				67E4731320BF6435009D063D /* Release */,
			);
			defaultConfigurationIsVisible = 0;
			defaultConfigurationName = Release;
		};
		67E4731420BF6435009D063D /* Build configuration list for PBXNativeTarget "overboardUITests" */ = {
			isa = XCConfigurationList;
			buildConfigurations = (
				67E4731520BF6435009D063D /* Debug */,
				67E4731620BF6435009D063D /* Release */,
			);
			defaultConfigurationIsVisible = 0;
			defaultConfigurationName = Release;
		};
/* End XCConfigurationList section */
	};
	rootObject = 67E472DE20BF6435009D063D /* Project object */;
}
